{
  "name": "my-project",
  "version": "0.0.0",
  "lockfileVersion": 1,
  "requires": true,
  "dependencies": {
    "@videojs/http-streaming": {
      "version": "1.1.0",
      "resolved": "http://registry.npm.taobao.org/@videojs/http-streaming/download/@videojs/http-streaming-1.1.0.tgz",
      "integrity": "sha1-rlGRlJEJDqyqtSXaMLwMG+7eJRU=",
      "requires": {
        "aes-decrypter": "3.0.0",
        "global": "4.3.2",
        "m3u8-parser": "4.2.0",
        "mpd-parser": "0.6.1",
        "mux.js": "4.4.1",
        "url-toolkit": "2.1.4",
        "video.js": "7.0.3"
      }
    },
    "aes-decrypter": {
      "version": "3.0.0",
      "resolved": "http://registry.npm.taobao.org/aes-decrypter/download/aes-decrypter-3.0.0.tgz",
      "integrity": "sha1-eEihwUW5/b9Xrj4rWxvHzwZEqPs=",
      "requires": {
        "commander": "2.15.1",
        "global": "4.3.2",
        "pkcs7": "1.0.2"
      }
    },
    "async-validator": {
      "version": "1.8.2",
      "resolved": "http://registry.npm.taobao.org/async-validator/download/async-validator-1.8.2.tgz",
      "integrity": "sha1-t3WXIm6WJC+NUxwNRq4pX2JCK6Q=",
      "requires": {
        "babel-runtime": "6.26.0"
      }
    },
    "babel-helper-vue-jsx-merge-props": {
      "version": "2.0.3",
      "resolved": "http://registry.npm.taobao.org/babel-helper-vue-jsx-merge-props/download/babel-helper-vue-jsx-merge-props-2.0.3.tgz",
      "integrity": "sha1-Iq69OzOQIyjlEyk6jkmSs4T58bY="
    },
    "babel-runtime": {
      "version": "6.26.0",
      "resolved": "http://registry.npm.taobao.org/babel-runtime/download/babel-runtime-6.26.0.tgz",
      "integrity": "sha1-llxwWGaOgrVde/4E/yM3vItWR/4=",
      "requires": {
        "core-js": "2.5.7",
        "regenerator-runtime": "0.11.1"
      }
    },
    "commander": {
      "version": "2.15.1",
      "resolved": "http://registry.npm.taobao.org/commander/download/commander-2.15.1.tgz",
      "integrity": "sha1-30boZ9D8Kuxmo0ZitAapzK//Ww8="
    },
    "core-js": {
      "version": "2.5.7",
      "resolved": "http://registry.npm.taobao.org/core-js/download/core-js-2.5.7.tgz",
      "integrity": "sha1-+XJgj/DOrWi4QaFqky0LGDeRgU4="
    },
    "deepmerge": {
      "version": "1.5.2",
      "resolved": "http://registry.npm.taobao.org/deepmerge/download/deepmerge-1.5.2.tgz",
      "integrity": "sha1-EEmdhohEza1P7ghC34x/bwyVp1M="
    },
    "dom-walk": {
      "version": "0.1.1",
      "resolved": "http://registry.npm.taobao.org/dom-walk/download/dom-walk-0.1.1.tgz",
      "integrity": "sha1-ZyIm3HTI95mtNTB9+TaroRrNYBg="
    },
    "element-ui": {
      "version": "2.4.1",
      "resolved": "http://registry.npm.taobao.org/element-ui/download/element-ui-2.4.1.tgz",
      "integrity": "sha1-ntnqx75SJx+4KQ9NZsZanFtsCOA=",
      "requires": {
        "async-validator": "1.8.2",
        "babel-helper-vue-jsx-merge-props": "2.0.3",
        "deepmerge": "1.5.2",
        "normalize-wheel": "1.0.1",
        "resize-observer-polyfill": "1.5.0",
        "throttle-debounce": "1.1.0"
      }
    },
    "es5-shim": {
      "version": "4.5.10",
      "resolved": "http://registry.npm.taobao.org/es5-shim/download/es5-shim-4.5.10.tgz",
      "integrity": "sha1-t+F+9N8qFFuCHxSXtQwlz5QCYgU="
    },
    "for-each": {
      "version": "0.3.3",
      "resolved": "http://registry.npm.taobao.org/for-each/download/for-each-0.3.3.tgz",
      "integrity": "sha1-abRH6IoKXTLD5whPPxcQA0shN24=",
      "requires": {
        "is-callable": "1.1.3"
      }
    },
    "global": {
      "version": "4.3.2",
      "resolved": "http://registry.npm.taobao.org/global/download/global-4.3.2.tgz",
      "integrity": "sha1-52mJJopsdMOJCLEwWxD8DjlOnQ8=",
      "requires": {
        "min-document": "2.19.0",
        "process": "0.5.2"
      }
    },
    "individual": {
      "version": "2.0.0",
      "resolved": "http://registry.npm.taobao.org/individual/download/individual-2.0.0.tgz",
      "integrity": "sha1-gzsJfa0jKU52EXqY+zjg2a1hu5c="
    },
    "is-callable": {
      "version": "1.1.3",
      "resolved": "http://registry.npm.taobao.org/is-callable/download/is-callable-1.1.3.tgz",
      "integrity": "sha1-hut1OSgF3cM69xySoO7fdO52BLI="
    },
    "is-function": {
      "version": "1.0.1",
      "resolved": "http://registry.npm.taobao.org/is-function/download/is-function-1.0.1.tgz",
      "integrity": "sha1-Es+5i2W1fdPRk6MSH19uL0N2ArU="
    },
    "m3u8-parser": {
      "version": "4.2.0",
      "resolved": "http://registry.npm.taobao.org/m3u8-parser/download/m3u8-parser-4.2.0.tgz",
      "integrity": "sha1-yOB4X9F/dB9ECLSUZoiSdKnjZEc="
    },
    "min-document": {
      "version": "2.19.0",
      "resolved": "http://registry.npm.taobao.org/min-document/download/min-document-2.19.0.tgz",
      "integrity": "sha1-e9KC4/WELtKVu3SM3Z8f+iyCRoU=",
      "requires": {
        "dom-walk": "0.1.1"
      }
    },
    "mpd-parser": {
      "version": "0.6.1",
      "resolved": "http://registry.npm.taobao.org/mpd-parser/download/mpd-parser-0.6.1.tgz",
      "integrity": "sha1-J+eq/gdYF4Rs5VQGrANxHfHODrc=",
      "requires": {
        "global": "4.3.2",
        "url-toolkit": "2.1.4"
      }
    },
    "mux.js": {
      "version": "4.4.1",
      "resolved": "http://registry.npm.taobao.org/mux.js/download/mux.js-4.4.1.tgz",
      "integrity": "sha1-ycml5+n2nx1WcPLMccTO+kWqeuw="
    },
    "normalize-wheel": {
      "version": "1.0.1",
      "resolved": "http://registry.npm.taobao.org/normalize-wheel/download/normalize-wheel-1.0.1.tgz",
      "integrity": "sha1-rsiGr/2wRQcNhWRH32Ls+GFG7EU="
    },
    "parse-headers": {
      "version": "2.0.1",
      "resolved": "http://registry.npm.taobao.org/parse-headers/download/parse-headers-2.0.1.tgz",
      "integrity": "sha1-aug6eqJanZtwCswoaYzR8e1+lTY=",
      "requires": {
        "for-each": "0.3.3",
        "trim": "0.0.1"
      }
    },
    "pkcs7": {
      "version": "1.0.2",
      "resolved": "http://registry.npm.taobao.org/pkcs7/download/pkcs7-1.0.2.tgz",
      "integrity": "sha1-ttulJ1KMKUK/wSLOLa/NteWQdOc="
    },
    "process": {
      "version": "0.5.2",
      "resolved": "http://registry.npm.taobao.org/process/download/process-0.5.2.tgz",
      "integrity": "sha1-FjjYqONML0QKkduVq5rrZ3/Bhc8="
    },
    "regenerator-runtime": {
      "version": "0.11.1",
      "resolved": "http://registry.npm.taobao.org/regenerator-runtime/download/regenerator-runtime-0.11.1.tgz",
      "integrity": "sha1-vgWtf5v30i4Fb5cmzuUBf78Z4uk="
    },
    "resize-observer-polyfill": {
      "version": "1.5.0",
      "resolved": "http://registry.npm.taobao.org/resize-observer-polyfill/download/resize-observer-polyfill-1.5.0.tgz",
      "integrity": "sha1-Zg/x2XEqI4K6osrUUKRxYgn5ymk="
    },
    "rust-result": {
      "version": "1.0.0",
      "resolved": "http://registry.npm.taobao.org/rust-result/download/rust-result-1.0.0.tgz",
      "integrity": "sha1-NMdbLm3Dn+WHXlveyFteD5FTb3I=",
      "requires": {
        "individual": "2.0.0"
      }
    },
    "safe-json-parse": {
      "version": "4.0.0",
      "resolved": "http://registry.npm.taobao.org/safe-json-parse/download/safe-json-parse-4.0.0.tgz",
      "integrity": "sha1-fA9XjPzNEtM6ccDgVBPi7KFx6qw=",
      "requires": {
        "rust-result": "1.0.0"
      }
    },
    "throttle-debounce": {
      "version": "1.1.0",
      "resolved": "http://registry.npm.taobao.org/throttle-debounce/download/throttle-debounce-1.1.0.tgz",
      "integrity": "sha1-UYU9o3vmihVctugns1FKPEIuic0="
    },
    "trim": {
      "version": "0.0.1",
      "resolved": "http://registry.npm.taobao.org/trim/download/trim-0.0.1.tgz",
      "integrity": "sha1-WFhUf2spB1fulczMZm+1AITEYN0="
    },
    "tsml": {
      "version": "1.0.1",
      "resolved": "http://registry.npm.taobao.org/tsml/download/tsml-1.0.1.tgz",
      "integrity": "sha1-ifghi52eJX9H1/a1bQHFpNLGj8M="
    },
    "url-toolkit": {
      "version": "2.1.4",
      "resolved": "http://registry.npm.taobao.org/url-toolkit/download/url-toolkit-2.1.4.tgz",
      "integrity": "sha1-4NrGDl/dULismEMHaZ6LckObP9M="
    },
    "video.js": {
      "version": "7.0.3",
      "resolved": "http://registry.npm.taobao.org/video.js/download/video.js-7.0.3.tgz",
      "integrity": "sha1-Z+Z/+9HJG5Ayw84gKNPpfCUb/b4=",
      "requires": {
        "@videojs/http-streaming": "1.1.0",
        "babel-runtime": "6.26.0",
        "global": "4.3.2",
        "safe-json-parse": "4.0.0",
        "tsml": "1.0.1",
        "videojs-font": "3.0.0",
        "videojs-vtt.js": "0.14.1",
        "xhr": "2.4.0"
      }
    },
    "videojs-contrib-hls": {
      "version": "5.14.1",
      "resolved": "http://registry.npm.taobao.org/videojs-contrib-hls/download/videojs-contrib-hls-5.14.1.tgz",
      "integrity": "sha1-66T09ncqdKaO56ITU27X0nOJcr0=",
      "requires": {
        "aes-decrypter": "1.0.3",
        "global": "4.3.2",
        "m3u8-parser": "2.1.0",
        "mux.js": "4.3.2",
        "url-toolkit": "2.1.4",
        "video.js": "6.10.3",
        "videojs-contrib-media-sources": "4.7.2",
        "webwackify": "0.1.6"
      },
      "dependencies": {
        "aes-decrypter": {
          "version": "1.0.3",
          "resolved": "http://registry.npm.taobao.org/aes-decrypter/download/aes-decrypter-1.0.3.tgz",
          "integrity": "sha1-nAa4pUNaWtCduTP4oBSvzxhMw04=",
          "requires": {
            "pkcs7": "0.2.3"
          }
        },
        "m3u8-parser": {
          "version": "2.1.0",
          "resolved": "http://registry.npm.taobao.org/m3u8-parser/download/m3u8-parser-2.1.0.tgz",
          "integrity": "sha1-yBcDKewc1RXQ1Yu4t2LamJbLA2g="
        },
        "mux.js": {
          "version": "4.3.2",
          "resolved": "http://registry.npm.taobao.org/mux.js/download/mux.js-4.3.2.tgz",
          "integrity": "sha1-V21TffA33F7DXsExa5SNgV01whA="
        },
        "pkcs7": {
          "version": "0.2.3",
          "resolved": "http://registry.npm.taobao.org/pkcs7/download/pkcs7-0.2.3.tgz",
          "integrity": "sha1-ItYGZtAQZcXyRDkJjkpIMEUic74="
        },
        "video.js": {
          "version": "6.10.3",
          "resolved": "http://registry.npm.taobao.org/video.js/download/video.js-6.10.3.tgz",
          "integrity": "sha1-wKJgGGbCQM6/+swOlmwI99aTPtw=",
          "requires": {
            "babel-runtime": "6.26.0",
            "global": "4.3.2",
            "safe-json-parse": "4.0.0",
            "tsml": "1.0.1",
            "videojs-font": "2.1.0",
            "videojs-ie8": "1.1.2",
            "videojs-vtt.js": "0.12.6",
            "xhr": "2.4.0"
          }
        },
        "videojs-font": {
          "version": "2.1.0",
          "resolved": "http://registry.npm.taobao.org/videojs-font/download/videojs-font-2.1.0.tgz",
          "integrity": "sha1-olkwpn9snPvyu4jay4xrRR8JM3k="
        },
        "videojs-vtt.js": {
          "version": "0.12.6",
          "resolved": "http://registry.npm.taobao.org/videojs-vtt.js/download/videojs-vtt.js-0.12.6.tgz",
          "integrity": "sha1-4HhgC9qJnqpvnDMHE0zQyBGUe44=",
          "requires": {
            "global": "4.3.2"
          }
        }
      }
    },
    "videojs-contrib-media-sources": {
      "version": "4.7.2",
      "resolved": "http://registry.npm.taobao.org/videojs-contrib-media-sources/download/videojs-contrib-media-sources-4.7.2.tgz",
      "integrity": "sha1-Ct+SkQfVt0zyyKuygkyCF35DhY4=",
      "requires": {
        "global": "4.3.2",
        "mux.js": "4.3.2",
        "video.js": "6.10.3",
        "webwackify": "0.1.6"
      },
      "dependencies": {
        "mux.js": {
          "version": "4.3.2",
          "resolved": "http://registry.npm.taobao.org/mux.js/download/mux.js-4.3.2.tgz",
          "integrity": "sha1-V21TffA33F7DXsExa5SNgV01whA="
        },
        "video.js": {
          "version": "6.10.3",
          "resolved": "http://registry.npm.taobao.org/video.js/download/video.js-6.10.3.tgz",
          "integrity": "sha1-wKJgGGbCQM6/+swOlmwI99aTPtw=",
          "requires": {
            "babel-runtime": "6.26.0",
            "global": "4.3.2",
            "safe-json-parse": "4.0.0",
            "tsml": "1.0.1",
            "videojs-font": "2.1.0",
            "videojs-ie8": "1.1.2",
            "videojs-vtt.js": "0.12.6",
            "xhr": "2.4.0"
          }
        },
        "videojs-font": {
          "version": "2.1.0",
          "resolved": "http://registry.npm.taobao.org/videojs-font/download/videojs-font-2.1.0.tgz",
          "integrity": "sha1-olkwpn9snPvyu4jay4xrRR8JM3k="
        },
        "videojs-vtt.js": {
          "version": "0.12.6",
          "resolved": "http://registry.npm.taobao.org/videojs-vtt.js/download/videojs-vtt.js-0.12.6.tgz",
          "integrity": "sha1-4HhgC9qJnqpvnDMHE0zQyBGUe44=",
          "requires": {
            "global": "4.3.2"
          }
        }
      }
    },
    "videojs-font": {
      "version": "3.0.0",
      "resolved": "http://registry.npm.taobao.org/videojs-font/download/videojs-font-3.0.0.tgz",
      "integrity": "sha1-kOr93PJrQHRIyDNSP1ykrY1cwa8="
    },
    "videojs-ie8": {
      "version": "1.1.2",
      "resolved": "http://registry.npm.taobao.org/videojs-ie8/download/videojs-ie8-1.1.2.tgz",
      "integrity": "sha1-oj09hgitcZK2nGB3/E64SJmNNdk=",
      "requires": {
        "es5-shim": "4.5.10"
      }
    },
    "videojs-vtt.js": {
      "version": "0.14.1",
      "resolved": "http://registry.npm.taobao.org/videojs-vtt.js/download/videojs-vtt.js-0.14.1.tgz",
      "integrity": "sha1-2lg+sfycgcgmqUMrcGBA6N6kmRE=",
      "requires": {
        "global": "4.3.2"
      }
    },
    "webwackify": {
      "version": "0.1.6",
      "resolved": "http://registry.npm.taobao.org/webwackify/download/webwackify-0.1.6.tgz",
      "integrity": "sha1-HUKhKsYYI9fjRaveCE6qpipKles="
    },
    "xhr": {
      "version": "2.4.0",
      "resolved": "http://registry.npm.taobao.org/xhr/download/xhr-2.4.0.tgz",
      "integrity": "sha1-4W5mpF+GmGHu76tBbV7/ci3ECZM=",
      "requires": {
        "global": "4.3.2",
        "is-function": "1.0.1",
        "parse-headers": "2.0.1",
        "xtend": "4.0.1"
      }
    },
    "xtend": {
      "version": "4.0.1",
      "resolved": "http://registry.npm.taobao.org/xtend/download/xtend-4.0.1.tgz",
      "integrity": "sha1-pcbVMr5lbiPbgg77lDofBJmNY68="
    }
  }
}
